
Microsoft Visual Studio Solution File, Format Version 12.00
# Visual Studio Version 17
VisualStudioVersion = 17.8.34525.116
MinimumVisualStudioVersion = 10.0.40219.1
Project("{FAE04EC0-301F-11D3-BF4B-00C04F79EFBC}") = "Ex04.Menus.Interfaces", "Ex04.Menus.Interfaces\Ex04.Menus.Interfaces.csproj", "{4EC4C66E-A23D-4652-A88B-A831242C7CDD}"
EndProject
Project("{FAE04EC0-301F-11D3-BF4B-00C04F79EFBC}") = "Ex04.Menus.Events", "Ex04.Menus.Events\Ex04.Menus.Events.csproj", "{18B55542-1449-4F7F-89F0-0233169B9949}"
EndProject
Project("{FAE04EC0-301F-11D3-BF4B-00C04F79EFBC}") = "Ex04.Menus.Test", "Ex04.Menus.Test\Ex04.Menus.Test.csproj", "{57C87049-9327-4A3F-B7FD-8387A8785C30}"
EndProject
Global
	GlobalSection(SolutionConfigurationPlatforms) = preSolution
		Debug|Any CPU = Debug|Any CPU
		Release|Any CPU = Release|Any CPU
	EndGlobalSection
	GlobalSection(ProjectConfigurationPlatforms) = postSolution
		{4EC4C66E-A23D-4652-A88B-A831242C7CDD}.Debug|Any CPU.ActiveCfg = Debug|Any CPU
		{4EC4C66E-A23D-4652-A88B-A831242C7CDD}.Debug|Any CPU.Build.0 = Debug|Any CPU
		{4EC4C66E-A23D-4652-A88B-A831242C7CDD}.Release|Any CPU.ActiveCfg = Release|Any CPU
		{4EC4C66E-A23D-4652-A88B-A831242C7CDD}.Release|Any CPU.Build.0 = Release|Any CPU
		{18B55542-1449-4F7F-89F0-0233169B9949}.Debug|Any CPU.ActiveCfg = Debug|Any CPU
		{18B55542-1449-4F7F-89F0-0233169B9949}.Debug|Any CPU.Build.0 = Debug|Any CPU
		{18B55542-1449-4F7F-89F0-0233169B9949}.Release|Any CPU.ActiveCfg = Release|Any CPU
		{18B55542-1449-4F7F-89F0-0233169B9949}.Release|Any CPU.Build.0 = Release|Any CPU
		{57C87049-9327-4A3F-B7FD-8387A8785C30}.Debug|Any CPU.ActiveCfg = Debug|Any CPU
		{57C87049-9327-4A3F-B7FD-8387A8785C30}.Debug|Any CPU.Build.0 = Debug|Any CPU
		{57C87049-9327-4A3F-B7FD-8387A8785C30}.Release|Any CPU.ActiveCfg = Release|Any CPU
		{57C87049-9327-4A3F-B7FD-8387A8785C30}.Release|Any CPU.Build.0 = Release|Any CPU
	EndGlobalSection
	GlobalSection(SolutionProperties) = preSolution
		HideSolutionNode = FALSE
	EndGlobalSection
	GlobalSection(ExtensibilityGlobals) = postSolution
		SolutionGuid = {C63A6196-0D58-4FBF-8CDD-77A210672C5F}
	EndGlobalSection
EndGlobal
